
Microsoft Visual Studio Solution File, Format Version 12.00
Project("{FAE04EC0-301F-11D3-BF4B-00C04F79EFBC}") = "FinanceSupport.Api", "FinanceSupport.Api\FinanceSupport.Api.csproj", "{5ECE866C-E1B5-4098-B2AC-6A1B744E750A}"
EndProject
Global
	GlobalSection(SolutionConfigurationPlatforms) = preSolution
		Debug|Any CPU = Debug|Any CPU
		Release|Any CPU = Release|Any CPU
	EndGlobalSection
	GlobalSection(ProjectConfigurationPlatforms) = postSolution
		{5ECE866C-E1B5-4098-B2AC-6A1B744E750A}.Debug|Any CPU.ActiveCfg = Debug|Any CPU
		{5ECE866C-E1B5-4098-B2AC-6A1B744E750A}.Debug|Any CPU.Build.0 = Debug|Any CPU
		{5ECE866C-E1B5-4098-B2AC-6A1B744E750A}.Release|Any CPU.ActiveCfg = Release|Any CPU
		{5ECE866C-E1B5-4098-B2AC-6A1B744E750A}.Release|Any CPU.Build.0 = Release|Any CPU
	EndGlobalSection
EndGlobal
